
Microsoft Visual Studio Solution File, Format Version 12.00
# Visual Studio 2012
Project("{8BC9CEB8-8B4A-11D0-8D11-00A0C91BC942}") = "GChomework3", "GChomework3\GChomework3.vcxproj", "{8EECAB08-072D-4D02-AE0F-28343A3969F8}"
EndProject
Project("{8BC9CEB8-8B4A-11D0-8D11-00A0C91BC942}") = "HW4", "HW4\HW4.vcxproj", "{DBE954AA-B6A3-4C8D-802D-FAA92B44ADDF}"
EndProject
Global
	GlobalSection(SolutionConfigurationPlatforms) = preSolution
		Debug|Win32 = Debug|Win32
		Release|Win32 = Release|Win32
	EndGlobalSection
	GlobalSection(ProjectConfigurationPlatforms) = postSolution
		{8EECAB08-072D-4D02-AE0F-28343A3969F8}.Debug|Win32.ActiveCfg = Debug|Win32
		{8EECAB08-072D-4D02-AE0F-28343A3969F8}.Debug|Win32.Build.0 = Debug|Win32
		{8EECAB08-072D-4D02-AE0F-28343A3969F8}.Release|Win32.ActiveCfg = Release|Win32
		{8EECAB08-072D-4D02-AE0F-28343A3969F8}.Release|Win32.Build.0 = Release|Win32
		{DBE954AA-B6A3-4C8D-802D-FAA92B44ADDF}.Debug|Win32.ActiveCfg = Debug|Win32
		{DBE954AA-B6A3-4C8D-802D-FAA92B44ADDF}.Debug|Win32.Build.0 = Debug|Win32
		{DBE954AA-B6A3-4C8D-802D-FAA92B44ADDF}.Release|Win32.ActiveCfg = Release|Win32
		{DBE954AA-B6A3-4C8D-802D-FAA92B44ADDF}.Release|Win32.Build.0 = Release|Win32
	EndGlobalSection
	GlobalSection(SolutionProperties) = preSolution
		HideSolutionNode = FALSE
	EndGlobalSection
EndGlobal
